
Microsoft Visual Studio Solution File, Format Version 12.00
# Visual Studio 15
VisualStudioVersion = 15.0.28307.421
MinimumVisualStudioVersion = 10.0.40219.1
Project("{8BC9CEB8-8B4A-11D0-8D11-00A0C91BC942}") = "FerrisWheel", "FerrisWheel\FerrisWheel.vcxproj", "{48B4C598-B010-4FF4-AE6F-592E3B388269}"
EndProject
Global
	GlobalSection(SolutionConfigurationPlatforms) = preSolution
		Debug|x64 = Debug|x64
		Debug|x86 = Debug|x86
		Release|x64 = Release|x64
		Release|x86 = Release|x86
	EndGlobalSection
	GlobalSection(ProjectConfigurationPlatforms) = postSolution
		{48B4C598-B010-4FF4-AE6F-592E3B388269}.Debug|x64.ActiveCfg = Debug|x64
		{48B4C598-B010-4FF4-AE6F-592E3B388269}.Debug|x64.Build.0 = Debug|x64
		{48B4C598-B010-4FF4-AE6F-592E3B388269}.Debug|x86.ActiveCfg = Debug|Win32
		{48B4C598-B010-4FF4-AE6F-592E3B388269}.Debug|x86.Build.0 = Debug|Win32
		{48B4C598-B010-4FF4-AE6F-592E3B388269}.Release|x64.ActiveCfg = Release|x64
		{48B4C598-B010-4FF4-AE6F-592E3B388269}.Release|x64.Build.0 = Release|x64
		{48B4C598-B010-4FF4-AE6F-592E3B388269}.Release|x86.ActiveCfg = Release|Win32
		{48B4C598-B010-4FF4-AE6F-592E3B388269}.Release|x86.Build.0 = Release|Win32
	EndGlobalSection
	GlobalSection(SolutionProperties) = preSolution
		HideSolutionNode = FALSE
	EndGlobalSection
	GlobalSection(ExtensibilityGlobals) = postSolution
		SolutionGuid = {24FC1E90-4147-413E-9266-00224276BDE8}
	EndGlobalSection
EndGlobal
